
Microsoft Visual Studio Solution File, Format Version 12.00
# Visual Studio Version 16
VisualStudioVersion = 16.0.30114.128
MinimumVisualStudioVersion = 10.0.40219.1
Project("{FAE04EC0-301F-11D3-BF4B-00C04F79EFBC}") = "COTG", "COTG\COTG.csproj", "{813F59C4-EC96-48EF-83E4-E3C7E671E368}"
EndProject
Project("{9A19103F-16F7-4668-BE54-9A1E7A4F7556}") = "COTG.Core", "COTG.Core\COTG.Core.csproj", "{7105B740-FB9F-43A6-ACF3-42A421DB81B0}"
EndProject
Project("{9A19103F-16F7-4668-BE54-9A1E7A4F7556}") = "Gen", "Gen\Gen.csproj", "{C1FF57E9-1E45-4B1D-8B86-5ED833CACFD3}"
EndProject
Global
	GlobalSection(SolutionConfigurationPlatforms) = preSolution
		Debug|Any CPU = Debug|Any CPU
		Debug|x64 = Debug|x64
		Release|Any CPU = Release|Any CPU
		Release|x64 = Release|x64
	EndGlobalSection
	GlobalSection(ProjectConfigurationPlatforms) = postSolution
		{813F59C4-EC96-48EF-83E4-E3C7E671E368}.Debug|Any CPU.ActiveCfg = Debug|x86
		{813F59C4-EC96-48EF-83E4-E3C7E671E368}.Debug|x64.ActiveCfg = Debug|x64
		{813F59C4-EC96-48EF-83E4-E3C7E671E368}.Debug|x64.Build.0 = Debug|x64
		{813F59C4-EC96-48EF-83E4-E3C7E671E368}.Debug|x64.Deploy.0 = Debug|x64
		{813F59C4-EC96-48EF-83E4-E3C7E671E368}.Release|Any CPU.ActiveCfg = Release|x86
		{813F59C4-EC96-48EF-83E4-E3C7E671E368}.Release|x64.ActiveCfg = Release|x64
		{813F59C4-EC96-48EF-83E4-E3C7E671E368}.Release|x64.Build.0 = Release|x64
		{813F59C4-EC96-48EF-83E4-E3C7E671E368}.Release|x64.Deploy.0 = Release|x64
		{7105B740-FB9F-43A6-ACF3-42A421DB81B0}.Debug|Any CPU.ActiveCfg = Debug|Any CPU
		{7105B740-FB9F-43A6-ACF3-42A421DB81B0}.Debug|Any CPU.Build.0 = Debug|Any CPU
		{7105B740-FB9F-43A6-ACF3-42A421DB81B0}.Debug|x64.ActiveCfg = Debug|x64
		{7105B740-FB9F-43A6-ACF3-42A421DB81B0}.Debug|x64.Build.0 = Debug|x64
		{7105B740-FB9F-43A6-ACF3-42A421DB81B0}.Release|Any CPU.ActiveCfg = Release|Any CPU
		{7105B740-FB9F-43A6-ACF3-42A421DB81B0}.Release|Any CPU.Build.0 = Release|Any CPU
		{7105B740-FB9F-43A6-ACF3-42A421DB81B0}.Release|x64.ActiveCfg = Release|Any CPU
		{7105B740-FB9F-43A6-ACF3-42A421DB81B0}.Release|x64.Build.0 = Release|Any CPU
		{C1FF57E9-1E45-4B1D-8B86-5ED833CACFD3}.Debug|Any CPU.ActiveCfg = Debug|Any CPU
		{C1FF57E9-1E45-4B1D-8B86-5ED833CACFD3}.Debug|Any CPU.Build.0 = Debug|Any CPU
		{C1FF57E9-1E45-4B1D-8B86-5ED833CACFD3}.Debug|x64.ActiveCfg = Debug|Any CPU
		{C1FF57E9-1E45-4B1D-8B86-5ED833CACFD3}.Debug|x64.Build.0 = Debug|Any CPU
		{C1FF57E9-1E45-4B1D-8B86-5ED833CACFD3}.Release|Any CPU.ActiveCfg = Release|Any CPU
		{C1FF57E9-1E45-4B1D-8B86-5ED833CACFD3}.Release|Any CPU.Build.0 = Release|Any CPU
		{C1FF57E9-1E45-4B1D-8B86-5ED833CACFD3}.Release|x64.ActiveCfg = Release|Any CPU
		{C1FF57E9-1E45-4B1D-8B86-5ED833CACFD3}.Release|x64.Build.0 = Release|Any CPU
	EndGlobalSection
	GlobalSection(SolutionProperties) = preSolution
		HideSolutionNode = FALSE
	EndGlobalSection
	GlobalSection(ExtensibilityGlobals) = postSolution
		SolutionGuid = {50CB1CD1-9FFF-4468-B57E-E0C17078A417}
	EndGlobalSection
EndGlobal
