{
  "requires": true,
  "lockfileVersion": 1,
  "dependencies": {
    "@types/jquery": {
      "version": "2.0.56",
      "resolved": "https://registry.npmjs.org/@types/jquery/-/jquery-2.0.56.tgz",
      "integrity": "sha512-tcNulMBr4fuMeBhwrRNQw3JaWg7vXP9bi64nKM5qYbaIN/oyo4n9O4TG5Thyn1BmhH159XvDxD4y3kqqpYS4sg=="
    }
  }
}
